// !$*UTF8*$!
{
	archiveVersion = 1;
	classes = {
	};
	objectVersion = 50;
	objects = {

/* Begin PBXBuildFile section */
		4654159C22A0F4B900212A32 /* city.list.json in Resources */ = {isa = PBXBuildFile; fileRef = 4654159B22A0F4B900212A32 /* city.list.json */; };
		4654159E22A0F51C00212A32 /* CitiesDataService.swift in Sources */ = {isa = PBXBuildFile; fileRef = 4654159D22A0F51C00212A32 /* CitiesDataService.swift */; };
		4675224D22A0C24C00F9A4E2 /* PlacesBuilder.swift in Sources */ = {isa = PBXBuildFile; fileRef = 4675224822A0C24B00F9A4E2 /* PlacesBuilder.swift */; };
		4675224E22A0C24C00F9A4E2 /* PlacesViewController.swift in Sources */ = {isa = PBXBuildFile; fileRef = 4675224922A0C24C00F9A4E2 /* PlacesViewController.swift */; };
		4675224F22A0C24C00F9A4E2 /* PlacesPresenter.swift in Sources */ = {isa = PBXBuildFile; fileRef = 4675224A22A0C24C00F9A4E2 /* PlacesPresenter.swift */; };
		4675225022A0C24C00F9A4E2 /* PlacesRouter.swift in Sources */ = {isa = PBXBuildFile; fileRef = 4675224B22A0C24C00F9A4E2 /* PlacesRouter.swift */; };
		4675225122A0C24C00F9A4E2 /* PlacesInteractor.swift in Sources */ = {isa = PBXBuildFile; fileRef = 4675224C22A0C24C00F9A4E2 /* PlacesInteractor.swift */; };
		4675225522A0C28800F9A4E2 /* Place.swift in Sources */ = {isa = PBXBuildFile; fileRef = 4675225422A0C28800F9A4E2 /* Place.swift */; };
		4675225C22A0CC0D00F9A4E2 /* DetailsViewController.swift in Sources */ = {isa = PBXBuildFile; fileRef = 4675225722A0CC0D00F9A4E2 /* DetailsViewController.swift */; };
		4675225D22A0CC0D00F9A4E2 /* DetailsInteractor.swift in Sources */ = {isa = PBXBuildFile; fileRef = 4675225822A0CC0D00F9A4E2 /* DetailsInteractor.swift */; };
		4675225E22A0CC0D00F9A4E2 /* DetailsBuilder.swift in Sources */ = {isa = PBXBuildFile; fileRef = 4675225922A0CC0D00F9A4E2 /* DetailsBuilder.swift */; };
		4675225F22A0CC0D00F9A4E2 /* DetailsRouter.swift in Sources */ = {isa = PBXBuildFile; fileRef = 4675225A22A0CC0D00F9A4E2 /* DetailsRouter.swift */; };
		4675226022A0CC0D00F9A4E2 /* DetailsPresenter.swift in Sources */ = {isa = PBXBuildFile; fileRef = 4675225B22A0CC0D00F9A4E2 /* DetailsPresenter.swift */; };
		4675226222A0CF7B00F9A4E2 /* PlacesDataService.swift in Sources */ = {isa = PBXBuildFile; fileRef = 4675226122A0CF7B00F9A4E2 /* PlacesDataService.swift */; };
		4675226522A0F08000F9A4E2 /* Weather.swift in Sources */ = {isa = PBXBuildFile; fileRef = 4675226422A0F08000F9A4E2 /* Weather.swift */; };
		4675226722A0F09500F9A4E2 /* Main.swift in Sources */ = {isa = PBXBuildFile; fileRef = 4675226622A0F09500F9A4E2 /* Main.swift */; };
		4675226922A0F0B200F9A4E2 /* Clouds.swift in Sources */ = {isa = PBXBuildFile; fileRef = 4675226822A0F0B200F9A4E2 /* Clouds.swift */; };
		4675226B22A0F0CA00F9A4E2 /* Wind.swift in Sources */ = {isa = PBXBuildFile; fileRef = 4675226A22A0F0CA00F9A4E2 /* Wind.swift */; };
		469E76B722A2C11300987EFB /* PlaceCollectionViewCell.swift in Sources */ = {isa = PBXBuildFile; fileRef = 469E76B622A2C11300987EFB /* PlaceCollectionViewCell.swift */; };
		469E76B922A2C36D00987EFB /* ImageService.swift in Sources */ = {isa = PBXBuildFile; fileRef = 469E76B822A2C36D00987EFB /* ImageService.swift */; };
		46D93C9322A0F3A8004C7BE5 /* City.swift in Sources */ = {isa = PBXBuildFile; fileRef = 46D93C9222A0F3A8004C7BE5 /* City.swift */; };
		46E0858222A0B5AA000F1F95 /* AppDelegate.swift in Sources */ = {isa = PBXBuildFile; fileRef = 46E0858122A0B5AA000F1F95 /* AppDelegate.swift */; };
		46E0858922A0B5AC000F1F95 /* Assets.xcassets in Resources */ = {isa = PBXBuildFile; fileRef = 46E0858822A0B5AC000F1F95 /* Assets.xcassets */; };
		46E0858C22A0B5AC000F1F95 /* LaunchScreen.storyboard in Resources */ = {isa = PBXBuildFile; fileRef = 46E0858A22A0B5AC000F1F95 /* LaunchScreen.storyboard */; };
		A732A137E2611BA34EF23ADB /* Pods_WeatherApp.framework in Frameworks */ = {isa = PBXBuildFile; fileRef = 5E21F0209F0AF1C88320B014 /* Pods_WeatherApp.framework */; };
/* End PBXBuildFile section */

/* Begin PBXFileReference section */
		4654159B22A0F4B900212A32 /* city.list.json */ = {isa = PBXFileReference; fileEncoding = 4; lastKnownFileType = text.json; path = city.list.json; sourceTree = "<group>"; };
		4654159D22A0F51C00212A32 /* CitiesDataService.swift */ = {isa = PBXFileReference; lastKnownFileType = sourcecode.swift; path = CitiesDataService.swift; sourceTree = "<group>"; };
		4675224822A0C24B00F9A4E2 /* PlacesBuilder.swift */ = {isa = PBXFileReference; fileEncoding = 4; lastKnownFileType = sourcecode.swift; path = PlacesBuilder.swift; sourceTree = "<group>"; };
		4675224922A0C24C00F9A4E2 /* PlacesViewController.swift */ = {isa = PBXFileReference; fileEncoding = 4; lastKnownFileType = sourcecode.swift; path = PlacesViewController.swift; sourceTree = "<group>"; };
		4675224A22A0C24C00F9A4E2 /* PlacesPresenter.swift */ = {isa = PBXFileReference; fileEncoding = 4; lastKnownFileType = sourcecode.swift; path = PlacesPresenter.swift; sourceTree = "<group>"; };
		4675224B22A0C24C00F9A4E2 /* PlacesRouter.swift */ = {isa = PBXFileReference; fileEncoding = 4; lastKnownFileType = sourcecode.swift; path = PlacesRouter.swift; sourceTree = "<group>"; };
		4675224C22A0C24C00F9A4E2 /* PlacesInteractor.swift */ = {isa = PBXFileReference; fileEncoding = 4; lastKnownFileType = sourcecode.swift; path = PlacesInteractor.swift; sourceTree = "<group>"; };
		4675225422A0C28800F9A4E2 /* Place.swift */ = {isa = PBXFileReference; lastKnownFileType = sourcecode.swift; path = Place.swift; sourceTree = "<group>"; };
		4675225722A0CC0D00F9A4E2 /* DetailsViewController.swift */ = {isa = PBXFileReference; fileEncoding = 4; lastKnownFileType = sourcecode.swift; path = DetailsViewController.swift; sourceTree = "<group>"; };
		4675225822A0CC0D00F9A4E2 /* DetailsInteractor.swift */ = {isa = PBXFileReference; fileEncoding = 4; lastKnownFileType = sourcecode.swift; path = DetailsInteractor.swift; sourceTree = "<group>"; };
		4675225922A0CC0D00F9A4E2 /* DetailsBuilder.swift */ = {isa = PBXFileReference; fileEncoding = 4; lastKnownFileType = sourcecode.swift; path = DetailsBuilder.swift; sourceTree = "<group>"; };
		4675225A22A0CC0D00F9A4E2 /* DetailsRouter.swift */ = {isa = PBXFileReference; fileEncoding = 4; lastKnownFileType = sourcecode.swift; path = DetailsRouter.swift; sourceTree = "<group>"; };
		4675225B22A0CC0D00F9A4E2 /* DetailsPresenter.swift */ = {isa = PBXFileReference; fileEncoding = 4; lastKnownFileType = sourcecode.swift; path = DetailsPresenter.swift; sourceTree = "<group>"; };
		4675226122A0CF7B00F9A4E2 /* PlacesDataService.swift */ = {isa = PBXFileReference; lastKnownFileType = sourcecode.swift; path = PlacesDataService.swift; sourceTree = "<group>"; };
		4675226422A0F08000F9A4E2 /* Weather.swift */ = {isa = PBXFileReference; lastKnownFileType = sourcecode.swift; path = Weather.swift; sourceTree = "<group>"; };
		4675226622A0F09500F9A4E2 /* Main.swift */ = {isa = PBXFileReference; lastKnownFileType = sourcecode.swift; path = Main.swift; sourceTree = "<group>"; };
		4675226822A0F0B200F9A4E2 /* Clouds.swift */ = {isa = PBXFileReference; lastKnownFileType = sourcecode.swift; path = Clouds.swift; sourceTree = "<group>"; };
		4675226A22A0F0CA00F9A4E2 /* Wind.swift */ = {isa = PBXFileReference; lastKnownFileType = sourcecode.swift; path = Wind.swift; sourceTree = "<group>"; };
		469E76B622A2C11300987EFB /* PlaceCollectionViewCell.swift */ = {isa = PBXFileReference; lastKnownFileType = sourcecode.swift; path = PlaceCollectionViewCell.swift; sourceTree = "<group>"; };
		469E76B822A2C36D00987EFB /* ImageService.swift */ = {isa = PBXFileReference; lastKnownFileType = sourcecode.swift; path = ImageService.swift; sourceTree = "<group>"; };
		46D93C9222A0F3A8004C7BE5 /* City.swift */ = {isa = PBXFileReference; lastKnownFileType = sourcecode.swift; path = City.swift; sourceTree = "<group>"; };
		46E0857E22A0B5AA000F1F95 /* WeatherApp.app */ = {isa = PBXFileReference; explicitFileType = wrapper.application; includeInIndex = 0; path = WeatherApp.app; sourceTree = BUILT_PRODUCTS_DIR; };
		46E0858122A0B5AA000F1F95 /* AppDelegate.swift */ = {isa = PBXFileReference; lastKnownFileType = sourcecode.swift; path = AppDelegate.swift; sourceTree = "<group>"; };
		46E0858822A0B5AC000F1F95 /* Assets.xcassets */ = {isa = PBXFileReference; lastKnownFileType = folder.assetcatalog; path = Assets.xcassets; sourceTree = "<group>"; };
		46E0858B22A0B5AC000F1F95 /* Base */ = {isa = PBXFileReference; lastKnownFileType = file.storyboard; name = Base; path = Base.lproj/LaunchScreen.storyboard; sourceTree = "<group>"; };
		46E0858D22A0B5AC000F1F95 /* Info.plist */ = {isa = PBXFileReference; lastKnownFileType = text.plist.xml; path = Info.plist; sourceTree = "<group>"; };
		5E21F0209F0AF1C88320B014 /* Pods_WeatherApp.framework */ = {isa = PBXFileReference; explicitFileType = wrapper.framework; includeInIndex = 0; path = Pods_WeatherApp.framework; sourceTree = BUILT_PRODUCTS_DIR; };
		C13F9F7CCAC53A753C50DC0E /* Pods-WeatherApp.release.xcconfig */ = {isa = PBXFileReference; includeInIndex = 1; lastKnownFileType = text.xcconfig; name = "Pods-WeatherApp.release.xcconfig"; path = "Target Support Files/Pods-WeatherApp/Pods-WeatherApp.release.xcconfig"; sourceTree = "<group>"; };
		D4B059327E8BF5B207C99CA2 /* Pods-WeatherApp.debug.xcconfig */ = {isa = PBXFileReference; includeInIndex = 1; lastKnownFileType = text.xcconfig; name = "Pods-WeatherApp.debug.xcconfig"; path = "Target Support Files/Pods-WeatherApp/Pods-WeatherApp.debug.xcconfig"; sourceTree = "<group>"; };
/* End PBXFileReference section */

/* Begin PBXFrameworksBuildPhase section */
		46E0857B22A0B5AA000F1F95 /* Frameworks */ = {
			isa = PBXFrameworksBuildPhase;
			buildActionMask = 2147483647;
			files = (
				A732A137E2611BA34EF23ADB /* Pods_WeatherApp.framework in Frameworks */,
			);
			runOnlyForDeploymentPostprocessing = 0;
		};
/* End PBXFrameworksBuildPhase section */

/* Begin PBXGroup section */
		4675224722A0C23200F9A4E2 /* Places */ = {
			isa = PBXGroup;
			children = (
				4675224822A0C24B00F9A4E2 /* PlacesBuilder.swift */,
				4675224C22A0C24C00F9A4E2 /* PlacesInteractor.swift */,
				4675224A22A0C24C00F9A4E2 /* PlacesPresenter.swift */,
				4675224B22A0C24C00F9A4E2 /* PlacesRouter.swift */,
				4675224922A0C24C00F9A4E2 /* PlacesViewController.swift */,
				469E76B522A2C0F900987EFB /* Subviews */,
				4675225622A0CBC300F9A4E2 /* Details */,
			);
			path = Places;
			sourceTree = "<group>";
		};
		4675225222A0C26D00F9A4E2 /* Helpers */ = {
			isa = PBXGroup;
			children = (
				4675225322A0C27600F9A4E2 /* Models */,
				4675226322A0CF7E00F9A4E2 /* Data */,
			);
			path = Helpers;
			sourceTree = "<group>";
		};
		4675225322A0C27600F9A4E2 /* Models */ = {
			isa = PBXGroup;
			children = (
				4675226822A0F0B200F9A4E2 /* Clouds.swift */,
				4675226622A0F09500F9A4E2 /* Main.swift */,
				4675225422A0C28800F9A4E2 /* Place.swift */,
				4675226422A0F08000F9A4E2 /* Weather.swift */,
				4675226A22A0F0CA00F9A4E2 /* Wind.swift */,
				46D93C9222A0F3A8004C7BE5 /* City.swift */,
			);
			path = Models;
			sourceTree = "<group>";
		};
		4675225622A0CBC300F9A4E2 /* Details */ = {
			isa = PBXGroup;
			children = (
				4675225922A0CC0D00F9A4E2 /* DetailsBuilder.swift */,
				4675225822A0CC0D00F9A4E2 /* DetailsInteractor.swift */,
				4675225B22A0CC0D00F9A4E2 /* DetailsPresenter.swift */,
				4675225A22A0CC0D00F9A4E2 /* DetailsRouter.swift */,
				4675225722A0CC0D00F9A4E2 /* DetailsViewController.swift */,
			);
			path = Details;
			sourceTree = "<group>";
		};
		4675226322A0CF7E00F9A4E2 /* Data */ = {
			isa = PBXGroup;
			children = (
				46D93C9522A0F48D004C7BE5 /* Files */,
				46D93C9422A0F472004C7BE5 /* Services */,
			);
			path = Data;
			sourceTree = "<group>";
		};
		469E76B522A2C0F900987EFB /* Subviews */ = {
			isa = PBXGroup;
			children = (
				469E76B622A2C11300987EFB /* PlaceCollectionViewCell.swift */,
			);
			path = Subviews;
			sourceTree = "<group>";
		};
		46D93C9422A0F472004C7BE5 /* Services */ = {
			isa = PBXGroup;
			children = (
				4675226122A0CF7B00F9A4E2 /* PlacesDataService.swift */,
				4654159D22A0F51C00212A32 /* CitiesDataService.swift */,
				469E76B822A2C36D00987EFB /* ImageService.swift */,
			);
			path = Services;
			sourceTree = "<group>";
		};
		46D93C9522A0F48D004C7BE5 /* Files */ = {
			isa = PBXGroup;
			children = (
				4654159B22A0F4B900212A32 /* city.list.json */,
			);
			path = Files;
			sourceTree = "<group>";
		};
		46E0857522A0B5AA000F1F95 = {
			isa = PBXGroup;
			children = (
				46E0858022A0B5AA000F1F95 /* WeatherApp */,
				46E0857F22A0B5AA000F1F95 /* Products */,
				EB5C6180B5B610BE1E4B8763 /* Pods */,
				75BC147B499B08F50A7BAA99 /* Frameworks */,
			);
			sourceTree = "<group>";
		};
		46E0857F22A0B5AA000F1F95 /* Products */ = {
			isa = PBXGroup;
			children = (
				46E0857E22A0B5AA000F1F95 /* WeatherApp.app */,
			);
			name = Products;
			sourceTree = "<group>";
		};
		46E0858022A0B5AA000F1F95 /* WeatherApp */ = {
			isa = PBXGroup;
			children = (
				46E0858122A0B5AA000F1F95 /* AppDelegate.swift */,
				46E0858822A0B5AC000F1F95 /* Assets.xcassets */,
				46E0858A22A0B5AC000F1F95 /* LaunchScreen.storyboard */,
				46E0858D22A0B5AC000F1F95 /* Info.plist */,
				4675225222A0C26D00F9A4E2 /* Helpers */,
				4675224722A0C23200F9A4E2 /* Places */,
			);
			path = WeatherApp;
			sourceTree = "<group>";
		};
		75BC147B499B08F50A7BAA99 /* Frameworks */ = {
			isa = PBXGroup;
			children = (
				5E21F0209F0AF1C88320B014 /* Pods_WeatherApp.framework */,
			);
			name = Frameworks;
			sourceTree = "<group>";
		};
		EB5C6180B5B610BE1E4B8763 /* Pods */ = {
			isa = PBXGroup;
			children = (
				D4B059327E8BF5B207C99CA2 /* Pods-WeatherApp.debug.xcconfig */,
				C13F9F7CCAC53A753C50DC0E /* Pods-WeatherApp.release.xcconfig */,
			);
			path = Pods;
			sourceTree = "<group>";
		};
/* End PBXGroup section */

/* Begin PBXNativeTarget section */
		46E0857D22A0B5AA000F1F95 /* WeatherApp */ = {
			isa = PBXNativeTarget;
			buildConfigurationList = 46E0859022A0B5AC000F1F95 /* Build configuration list for PBXNativeTarget "WeatherApp" */;
			buildPhases = (
				FC74E406FCEA53DEC1B6155F /* [CP] Check Pods Manifest.lock */,
				46E0857A22A0B5AA000F1F95 /* Sources */,
				46E0857B22A0B5AA000F1F95 /* Frameworks */,
				46E0857C22A0B5AA000F1F95 /* Resources */,
				B433F761871895D3AD36F8AD /* [CP] Embed Pods Frameworks */,
			);
			buildRules = (
			);
			dependencies = (
			);
			name = WeatherApp;
			productName = WeatherApp;
			productReference = 46E0857E22A0B5AA000F1F95 /* WeatherApp.app */;
			productType = "com.apple.product-type.application";
		};
/* End PBXNativeTarget section */

/* Begin PBXProject section */
		46E0857622A0B5AA000F1F95 /* Project object */ = {
			isa = PBXProject;
			attributes = {
				LastSwiftUpdateCheck = 1020;
				LastUpgradeCheck = 1020;
				ORGANIZATIONNAME = Huerdo;
				TargetAttributes = {
					46E0857D22A0B5AA000F1F95 = {
						CreatedOnToolsVersion = 10.2;
					};
				};
			};
			buildConfigurationList = 46E0857922A0B5AA000F1F95 /* Build configuration list for PBXProject "WeatherApp" */;
			compatibilityVersion = "Xcode 9.3";
			developmentRegion = en;
			hasScannedForEncodings = 0;
			knownRegions = (
				en,
				Base,
			);
			mainGroup = 46E0857522A0B5AA000F1F95;
			productRefGroup = 46E0857F22A0B5AA000F1F95 /* Products */;
			projectDirPath = "";
			projectRoot = "";
			targets = (
				46E0857D22A0B5AA000F1F95 /* WeatherApp */,
			);
		};
/* End PBXProject section */

/* Begin PBXResourcesBuildPhase section */
		46E0857C22A0B5AA000F1F95 /* Resources */ = {
			isa = PBXResourcesBuildPhase;
			buildActionMask = 2147483647;
			files = (
				46E0858C22A0B5AC000F1F95 /* LaunchScreen.storyboard in Resources */,
				46E0858922A0B5AC000F1F95 /* Assets.xcassets in Resources */,
				4654159C22A0F4B900212A32 /* city.list.json in Resources */,
			);
			runOnlyForDeploymentPostprocessing = 0;
		};
/* End PBXResourcesBuildPhase section */

/* Begin PBXShellScriptBuildPhase section */
		B433F761871895D3AD36F8AD /* [CP] Embed Pods Frameworks */ = {
			isa = PBXShellScriptBuildPhase;
			buildActionMask = 2147483647;
			files = (
			);
			inputFileListPaths = (
			);
			inputPaths = (
				"${PODS_ROOT}/Target Support Files/Pods-WeatherApp/Pods-WeatherApp-frameworks.sh",
				"${BUILT_PRODUCTS_DIR}/Alamofire/Alamofire.framework",
				"${BUILT_PRODUCTS_DIR}/Realm/Realm.framework",
			);
			name = "[CP] Embed Pods Frameworks";
			outputFileListPaths = (
			);
			outputPaths = (
				"${TARGET_BUILD_DIR}/${FRAMEWORKS_FOLDER_PATH}/Alamofire.framework",
				"${TARGET_BUILD_DIR}/${FRAMEWORKS_FOLDER_PATH}/Realm.framework",
			);
			runOnlyForDeploymentPostprocessing = 0;
			shellPath = /bin/sh;
			shellScript = "\"${PODS_ROOT}/Target Support Files/Pods-WeatherApp/Pods-WeatherApp-frameworks.sh\"\n";
			showEnvVarsInLog = 0;
		};
		FC74E406FCEA53DEC1B6155F /* [CP] Check Pods Manifest.lock */ = {
			isa = PBXShellScriptBuildPhase;
			buildActionMask = 2147483647;
			files = (
			);
			inputFileListPaths = (
			);
			inputPaths = (
				"${PODS_PODFILE_DIR_PATH}/Podfile.lock",
				"${PODS_ROOT}/Manifest.lock",
			);
			name = "[CP] Check Pods Manifest.lock";
			outputFileListPaths = (
			);
			outputPaths = (
				"$(DERIVED_FILE_DIR)/Pods-WeatherApp-checkManifestLockResult.txt",
			);
			runOnlyForDeploymentPostprocessing = 0;
			shellPath = /bin/sh;
			shellScript = "diff \"${PODS_PODFILE_DIR_PATH}/Podfile.lock\" \"${PODS_ROOT}/Manifest.lock\" > /dev/null\nif [ $? != 0 ] ; then\n    # print error to STDERR\n    echo \"error: The sandbox is not in sync with the Podfile.lock. Run 'pod install' or update your CocoaPods installation.\" >&2\n    exit 1\nfi\n# This output is used by Xcode 'outputs' to avoid re-running this script phase.\necho \"SUCCESS\" > \"${SCRIPT_OUTPUT_FILE_0}\"\n";
			showEnvVarsInLog = 0;
		};
/* End PBXShellScriptBuildPhase section */

/* Begin PBXSourcesBuildPhase section */
		46E0857A22A0B5AA000F1F95 /* Sources */ = {
			isa = PBXSourcesBuildPhase;
			buildActionMask = 2147483647;
			files = (
				4654159E22A0F51C00212A32 /* CitiesDataService.swift in Sources */,
				4675226722A0F09500F9A4E2 /* Main.swift in Sources */,
				4675226922A0F0B200F9A4E2 /* Clouds.swift in Sources */,
				46D93C9322A0F3A8004C7BE5 /* City.swift in Sources */,
				4675226222A0CF7B00F9A4E2 /* PlacesDataService.swift in Sources */,
				4675225F22A0CC0D00F9A4E2 /* DetailsRouter.swift in Sources */,
				4675225E22A0CC0D00F9A4E2 /* DetailsBuilder.swift in Sources */,
				4675224F22A0C24C00F9A4E2 /* PlacesPresenter.swift in Sources */,
				4675226B22A0F0CA00F9A4E2 /* Wind.swift in Sources */,
				4675225D22A0CC0D00F9A4E2 /* DetailsInteractor.swift in Sources */,
				4675224E22A0C24C00F9A4E2 /* PlacesViewController.swift in Sources */,
				4675226522A0F08000F9A4E2 /* Weather.swift in Sources */,
				46E0858222A0B5AA000F1F95 /* AppDelegate.swift in Sources */,
				4675225C22A0CC0D00F9A4E2 /* DetailsViewController.swift in Sources */,
				4675225022A0C24C00F9A4E2 /* PlacesRouter.swift in Sources */,
				4675225122A0C24C00F9A4E2 /* PlacesInteractor.swift in Sources */,
				469E76B722A2C11300987EFB /* PlaceCollectionViewCell.swift in Sources */,
				4675225522A0C28800F9A4E2 /* Place.swift in Sources */,
				4675224D22A0C24C00F9A4E2 /* PlacesBuilder.swift in Sources */,
				4675226022A0CC0D00F9A4E2 /* DetailsPresenter.swift in Sources */,
				469E76B922A2C36D00987EFB /* ImageService.swift in Sources */,
			);
			runOnlyForDeploymentPostprocessing = 0;
		};
/* End PBXSourcesBuildPhase section */

/* Begin PBXVariantGroup section */
		46E0858A22A0B5AC000F1F95 /* LaunchScreen.storyboard */ = {
			isa = PBXVariantGroup;
			children = (
				46E0858B22A0B5AC000F1F95 /* Base */,
			);
			name = LaunchScreen.storyboard;
			sourceTree = "<group>";
		};
/* End PBXVariantGroup section */

/* Begin XCBuildConfiguration section */
		46E0858E22A0B5AC000F1F95 /* Debug */ = {
			isa = XCBuildConfiguration;
			buildSettings = {
				ALWAYS_SEARCH_USER_PATHS = NO;
				CLANG_ANALYZER_NONNULL = YES;
				CLANG_ANALYZER_NUMBER_OBJECT_CONVERSION = YES_AGGRESSIVE;
				CLANG_CXX_LANGUAGE_STANDARD = "gnu++14";
				CLANG_CXX_LIBRARY = "libc++";
				CLANG_ENABLE_MODULES = YES;
				CLANG_ENABLE_OBJC_ARC = YES;
				CLANG_ENABLE_OBJC_WEAK = YES;
				CLANG_WARN_BLOCK_CAPTURE_AUTORELEASING = YES;
				CLANG_WARN_BOOL_CONVERSION = YES;
				CLANG_WARN_COMMA = YES;
				CLANG_WARN_CONSTANT_CONVERSION = YES;
				CLANG_WARN_DEPRECATED_OBJC_IMPLEMENTATIONS = YES;
				CLANG_WARN_DIRECT_OBJC_ISA_USAGE = YES_ERROR;
				CLANG_WARN_DOCUMENTATION_COMMENTS = YES;
				CLANG_WARN_EMPTY_BODY = YES;
				CLANG_WARN_ENUM_CONVERSION = YES;
				CLANG_WARN_INFINITE_RECURSION = YES;
				CLANG_WARN_INT_CONVERSION = YES;
				CLANG_WARN_NON_LITERAL_NULL_CONVERSION = YES;
				CLANG_WARN_OBJC_IMPLICIT_RETAIN_SELF = YES;
				CLANG_WARN_OBJC_LITERAL_CONVERSION = YES;
				CLANG_WARN_OBJC_ROOT_CLASS = YES_ERROR;
				CLANG_WARN_RANGE_LOOP_ANALYSIS = YES;
				CLANG_WARN_STRICT_PROTOTYPES = YES;
				CLANG_WARN_SUSPICIOUS_MOVE = YES;
				CLANG_WARN_UNGUARDED_AVAILABILITY = YES_AGGRESSIVE;
				CLANG_WARN_UNREACHABLE_CODE = YES;
				CLANG_WARN__DUPLICATE_METHOD_MATCH = YES;
				CODE_SIGN_IDENTITY = "iPhone Developer";
				COPY_PHASE_STRIP = NO;
				DEBUG_INFORMATION_FORMAT = dwarf;
				ENABLE_STRICT_OBJC_MSGSEND = YES;
				ENABLE_TESTABILITY = YES;
				GCC_C_LANGUAGE_STANDARD = gnu11;
				GCC_DYNAMIC_NO_PIC = NO;
				GCC_NO_COMMON_BLOCKS = YES;
				GCC_OPTIMIZATION_LEVEL = 0;
				GCC_PREPROCESSOR_DEFINITIONS = (
					"DEBUG=1",
					"$(inherited)",
				);
				GCC_WARN_64_TO_32_BIT_CONVERSION = YES;
				GCC_WARN_ABOUT_RETURN_TYPE = YES_ERROR;
				GCC_WARN_UNDECLARED_SELECTOR = YES;
				GCC_WARN_UNINITIALIZED_AUTOS = YES_AGGRESSIVE;
				GCC_WARN_UNUSED_FUNCTION = YES;
				GCC_WARN_UNUSED_VARIABLE = YES;
				IPHONEOS_DEPLOYMENT_TARGET = 12.2;
				MTL_ENABLE_DEBUG_INFO = INCLUDE_SOURCE;
				MTL_FAST_MATH = YES;
				ONLY_ACTIVE_ARCH = YES;
				SDKROOT = iphoneos;
				SWIFT_ACTIVE_COMPILATION_CONDITIONS = DEBUG;
				SWIFT_OPTIMIZATION_LEVEL = "-Onone";
			};
			name = Debug;
		};
		46E0858F22A0B5AC000F1F95 /* Release */ = {
			isa = XCBuildConfiguration;
			buildSettings = {
				ALWAYS_SEARCH_USER_PATHS = NO;
				CLANG_ANALYZER_NONNULL = YES;
				CLANG_ANALYZER_NUMBER_OBJECT_CONVERSION = YES_AGGRESSIVE;
				CLANG_CXX_LANGUAGE_STANDARD = "gnu++14";
				CLANG_CXX_LIBRARY = "libc++";
				CLANG_ENABLE_MODULES = YES;
				CLANG_ENABLE_OBJC_ARC = YES;
				CLANG_ENABLE_OBJC_WEAK = YES;
				CLANG_WARN_BLOCK_CAPTURE_AUTORELEASING = YES;
				CLANG_WARN_BOOL_CONVERSION = YES;
				CLANG_WARN_COMMA = YES;
				CLANG_WARN_CONSTANT_CONVERSION = YES;
				CLANG_WARN_DEPRECATED_OBJC_IMPLEMENTATIONS = YES;
				CLANG_WARN_DIRECT_OBJC_ISA_USAGE = YES_ERROR;
				CLANG_WARN_DOCUMENTATION_COMMENTS = YES;
				CLANG_WARN_EMPTY_BODY = YES;
				CLANG_WARN_ENUM_CONVERSION = YES;
				CLANG_WARN_INFINITE_RECURSION = YES;
				CLANG_WARN_INT_CONVERSION = YES;
				CLANG_WARN_NON_LITERAL_NULL_CONVERSION = YES;
				CLANG_WARN_OBJC_IMPLICIT_RETAIN_SELF = YES;
				CLANG_WARN_OBJC_LITERAL_CONVERSION = YES;
				CLANG_WARN_OBJC_ROOT_CLASS = YES_ERROR;
				CLANG_WARN_RANGE_LOOP_ANALYSIS = YES;
				CLANG_WARN_STRICT_PROTOTYPES = YES;
				CLANG_WARN_SUSPICIOUS_MOVE = YES;
				CLANG_WARN_UNGUARDED_AVAILABILITY = YES_AGGRESSIVE;
				CLANG_WARN_UNREACHABLE_CODE = YES;
				CLANG_WARN__DUPLICATE_METHOD_MATCH = YES;
				CODE_SIGN_IDENTITY = "iPhone Developer";
				COPY_PHASE_STRIP = NO;
				DEBUG_INFORMATION_FORMAT = "dwarf-with-dsym";
				ENABLE_NS_ASSERTIONS = NO;
				ENABLE_STRICT_OBJC_MSGSEND = YES;
				GCC_C_LANGUAGE_STANDARD = gnu11;
				GCC_NO_COMMON_BLOCKS = YES;
				GCC_WARN_64_TO_32_BIT_CONVERSION = YES;
				GCC_WARN_ABOUT_RETURN_TYPE = YES_ERROR;
				GCC_WARN_UNDECLARED_SELECTOR = YES;
				GCC_WARN_UNINITIALIZED_AUTOS = YES_AGGRESSIVE;
				GCC_WARN_UNUSED_FUNCTION = YES;
				GCC_WARN_UNUSED_VARIABLE = YES;
				IPHONEOS_DEPLOYMENT_TARGET = 12.2;
				MTL_ENABLE_DEBUG_INFO = NO;
				MTL_FAST_MATH = YES;
				SDKROOT = iphoneos;
				SWIFT_COMPILATION_MODE = wholemodule;
				SWIFT_OPTIMIZATION_LEVEL = "-O";
				VALIDATE_PRODUCT = YES;
			};
			name = Release;
		};
		46E0859122A0B5AC000F1F95 /* Debug */ = {
			isa = XCBuildConfiguration;
			baseConfigurationReference = D4B059327E8BF5B207C99CA2 /* Pods-WeatherApp.debug.xcconfig */;
			buildSettings = {
				ASSETCATALOG_COMPILER_APPICON_NAME = AppIcon;
				CODE_SIGN_STYLE = Automatic;
				DEVELOPMENT_TEAM = W7764ZQNWC;
				INFOPLIST_FILE = WeatherApp/Info.plist;
				LD_RUNPATH_SEARCH_PATHS = (
					"$(inherited)",
					"@executable_path/Frameworks",
				);
				PRODUCT_BUNDLE_IDENTIFIER = com.huerdo.WeatherApp;
				PRODUCT_NAME = "$(TARGET_NAME)";
				SWIFT_VERSION = 5.0;
				TARGETED_DEVICE_FAMILY = "1,2";
			};
			name = Debug;
		};
		46E0859222A0B5AC000F1F95 /* Release */ = {
			isa = XCBuildConfiguration;
			baseConfigurationReference = C13F9F7CCAC53A753C50DC0E /* Pods-WeatherApp.release.xcconfig */;
			buildSettings = {
				ASSETCATALOG_COMPILER_APPICON_NAME = AppIcon;
				CODE_SIGN_STYLE = Automatic;
				DEVELOPMENT_TEAM = W7764ZQNWC;
				INFOPLIST_FILE = WeatherApp/Info.plist;
				LD_RUNPATH_SEARCH_PATHS = (
					"$(inherited)",
					"@executable_path/Frameworks",
				);
				PRODUCT_BUNDLE_IDENTIFIER = com.huerdo.WeatherApp;
				PRODUCT_NAME = "$(TARGET_NAME)";
				SWIFT_VERSION = 5.0;
				TARGETED_DEVICE_FAMILY = "1,2";
			};
			name = Release;
		};
/* End XCBuildConfiguration section */

/* Begin XCConfigurationList section */
		46E0857922A0B5AA000F1F95 /* Build configuration list for PBXProject "WeatherApp" */ = {
			isa = XCConfigurationList;
			buildConfigurations = (
				46E0858E22A0B5AC000F1F95 /* Debug */,
				46E0858F22A0B5AC000F1F95 /* Release */,
			);
			defaultConfigurationIsVisible = 0;
			defaultConfigurationName = Release;
		};
		46E0859022A0B5AC000F1F95 /* Build configuration list for PBXNativeTarget "WeatherApp" */ = {
			isa = XCConfigurationList;
			buildConfigurations = (
				46E0859122A0B5AC000F1F95 /* Debug */,
				46E0859222A0B5AC000F1F95 /* Release */,
			);
			defaultConfigurationIsVisible = 0;
			defaultConfigurationName = Release;
		};
/* End XCConfigurationList section */
	};
	rootObject = 46E0857622A0B5AA000F1F95 /* Project object */;
}
